{
  "name": "cloudflare_mcp",
  "version": "1.0.0",
  "lockfileVersion": 3,
  "requires": true,
  "packages": {
    "": {
      "name": "cloudflare_mcp",
      "version": "1.0.0",
      "license": "ISC",
      "dependencies": {
        "create-cloudflare": "^2.45.1"
      }
    },
    "node_modules/create-cloudflare": {
      "version": "2.45.1",
      "resolved": "https://registry.npmjs.org/create-cloudflare/-/create-cloudflare-2.45.1.tgz",
      "integrity": "sha512-HYb5xo7Wu+8pYrU7XFX3CeyRvZxiJMyoneKErRyScIgzdCU8aVoG2GmRF2zVDjlwFQrTfFLKd5x3oUxb4XRUrg==",
      "license": "MIT OR Apache-2.0",
      "bin": {
        "create-cloudflare": "dist/cli.js"
      },
      "engines": {
        "node": ">=18.14.1"
      }
    }
  }
}
